
Microsoft Visual Studio Solution File, Format Version 12.00
# Visual Studio Version 17
VisualStudioVersion = 17.9.34714.143
MinimumVisualStudioVersion = 10.0.40219.1
Project("{FAE04EC0-301F-11D3-BF4B-00C04F79EFBC}") = "TpProgramacion3", "TpProgramacion3\TpProgramacion3.csproj", "{493542E4-8380-4B11-91EA-6CE8D7A357EC}"
EndProject
Project("{FAE04EC0-301F-11D3-BF4B-00C04F79EFBC}") = "Domain", "Domain\Domain.csproj", "{31ECA1CB-F456-4764-B2D1-39169A0360A4}"
EndProject
Global
	GlobalSection(SolutionConfigurationPlatforms) = preSolution
		Debug|Any CPU = Debug|Any CPU
		Release|Any CPU = Release|Any CPU
	EndGlobalSection
	GlobalSection(ProjectConfigurationPlatforms) = postSolution
		{493542E4-8380-4B11-91EA-6CE8D7A357EC}.Debug|Any CPU.ActiveCfg = Debug|Any CPU
		{493542E4-8380-4B11-91EA-6CE8D7A357EC}.Debug|Any CPU.Build.0 = Debug|Any CPU
		{493542E4-8380-4B11-91EA-6CE8D7A357EC}.Release|Any CPU.ActiveCfg = Release|Any CPU
		{493542E4-8380-4B11-91EA-6CE8D7A357EC}.Release|Any CPU.Build.0 = Release|Any CPU
		{31ECA1CB-F456-4764-B2D1-39169A0360A4}.Debug|Any CPU.ActiveCfg = Debug|Any CPU
		{31ECA1CB-F456-4764-B2D1-39169A0360A4}.Debug|Any CPU.Build.0 = Debug|Any CPU
		{31ECA1CB-F456-4764-B2D1-39169A0360A4}.Release|Any CPU.ActiveCfg = Release|Any CPU
		{31ECA1CB-F456-4764-B2D1-39169A0360A4}.Release|Any CPU.Build.0 = Release|Any CPU
	EndGlobalSection
	GlobalSection(SolutionProperties) = preSolution
		HideSolutionNode = FALSE
	EndGlobalSection
	GlobalSection(ExtensibilityGlobals) = postSolution
		SolutionGuid = {21F0B489-15B1-47E3-8237-5B4AAD2F7CBD}
	EndGlobalSection
EndGlobal
